
Microsoft Visual Studio Solution File, Format Version 12.00
# Visual Studio Version 17
VisualStudioVersion = 17.0.31903.59
MinimumVisualStudioVersion = 10.0.40219.1
Project("{2150E333-8FDC-42A3-9474-1A3956D46DE8}") = "src", "src", "{827E0CD3-B72D-47B6-A68D-7590B98EB39B}"
EndProject
Project("{FAE04EC0-301F-11D3-BF4B-00C04F79EFBC}") = "EventApp.Api", "src\EventApp.Api\EventApp.Api.csproj", "{E1ECD552-4375-4C3D-987C-B99208048AE0}"
EndProject
Project("{FAE04EC0-301F-11D3-BF4B-00C04F79EFBC}") = "EventApp.Application", "src\EventApp.Application\EventApp.Application.csproj", "{A05A30C6-ACBA-4835-ADE2-51F2E499397F}"
EndProject
Project("{FAE04EC0-301F-11D3-BF4B-00C04F79EFBC}") = "EventApp.Domain", "src\EventApp.Domain\EventApp.Domain.csproj", "{2AFEE870-DC2E-481F-B82C-6EFDC8820122}"
EndProject
Project("{FAE04EC0-301F-11D3-BF4B-00C04F79EFBC}") = "EventApp.Infrastructure", "src\EventApp.Infrastructure\EventApp.Infrastructure.csproj", "{245F3B58-87C0-4614-98C9-AD763827E982}"
EndProject
Project("{2150E333-8FDC-42A3-9474-1A3956D46DE8}") = "tclearests", "tests", "{0AB3BF05-4346-4AA6-1389-037BE0695223}"
EndProject
Project("{FAE04EC0-301F-11D3-BF4B-00C04F79EFBC}") = "EventApp.Domain.Tests", "tests\EventApp.Domain.Tests\EventApp.Domain.Tests.csproj", "{19D05964-067D-4883-8C20-E8DC730F5AA0}"
EndProject
Project("{FAE04EC0-301F-11D3-BF4B-00C04F79EFBC}") = "EventApp.Application.Tests", "tests\EventApp.Application.Tests\EventApp.Application.Tests.csproj", "{98154EB4-2920-49DC-9F27-8134520D24A9}"
EndProject
Project("{FAE04EC0-301F-11D3-BF4B-00C04F79EFBC}") = "EventApp.IntegrationTests", "tests\EventApp.IntegrationTests\EventApp.IntegrationTests.csproj", "{19EC5094-B0F6-4508-B947-778C0689D106}"
EndProject
Project("{FAE04EC0-301F-11D3-BF4B-00C04F79EFBC}") = "EventApp.ArchitectureTests", "tests\EventApp.ArchitectureTests\EventApp.ArchitectureTests.csproj", "{E5B5BD47-BC14-4587-ABD7-0514FD7EB8DD}"
EndProject
Global
	GlobalSection(SolutionConfigurationPlatforms) = preSolution
		Debug|Any CPU = Debug|Any CPU
		Debug|x64 = Debug|x64
		Debug|x86 = Debug|x86
		Release|Any CPU = Release|Any CPU
		Release|x64 = Release|x64
		Release|x86 = Release|x86
	EndGlobalSection
	GlobalSection(ProjectConfigurationPlatforms) = postSolution
		{E1ECD552-4375-4C3D-987C-B99208048AE0}.Debug|Any CPU.ActiveCfg = Debug|Any CPU
		{E1ECD552-4375-4C3D-987C-B99208048AE0}.Debug|Any CPU.Build.0 = Debug|Any CPU
		{E1ECD552-4375-4C3D-987C-B99208048AE0}.Debug|x64.ActiveCfg = Debug|Any CPU
		{E1ECD552-4375-4C3D-987C-B99208048AE0}.Debug|x64.Build.0 = Debug|Any CPU
		{E1ECD552-4375-4C3D-987C-B99208048AE0}.Debug|x86.ActiveCfg = Debug|Any CPU
		{E1ECD552-4375-4C3D-987C-B99208048AE0}.Debug|x86.Build.0 = Debug|Any CPU
		{E1ECD552-4375-4C3D-987C-B99208048AE0}.Release|Any CPU.ActiveCfg = Release|Any CPU
		{E1ECD552-4375-4C3D-987C-B99208048AE0}.Release|Any CPU.Build.0 = Release|Any CPU
		{E1ECD552-4375-4C3D-987C-B99208048AE0}.Release|x64.ActiveCfg = Release|Any CPU
		{E1ECD552-4375-4C3D-987C-B99208048AE0}.Release|x64.Build.0 = Release|Any CPU
		{E1ECD552-4375-4C3D-987C-B99208048AE0}.Release|x86.ActiveCfg = Release|Any CPU
		{E1ECD552-4375-4C3D-987C-B99208048AE0}.Release|x86.Build.0 = Release|Any CPU
		{A05A30C6-ACBA-4835-ADE2-51F2E499397F}.Debug|Any CPU.ActiveCfg = Debug|Any CPU
		{A05A30C6-ACBA-4835-ADE2-51F2E499397F}.Debug|Any CPU.Build.0 = Debug|Any CPU
		{A05A30C6-ACBA-4835-ADE2-51F2E499397F}.Debug|x64.ActiveCfg = Debug|Any CPU
		{A05A30C6-ACBA-4835-ADE2-51F2E499397F}.Debug|x64.Build.0 = Debug|Any CPU
		{A05A30C6-ACBA-4835-ADE2-51F2E499397F}.Debug|x86.ActiveCfg = Debug|Any CPU
		{A05A30C6-ACBA-4835-ADE2-51F2E499397F}.Debug|x86.Build.0 = Debug|Any CPU
		{A05A30C6-ACBA-4835-ADE2-51F2E499397F}.Release|Any CPU.ActiveCfg = Release|Any CPU
		{A05A30C6-ACBA-4835-ADE2-51F2E499397F}.Release|Any CPU.Build.0 = Release|Any CPU
		{A05A30C6-ACBA-4835-ADE2-51F2E499397F}.Release|x64.ActiveCfg = Release|Any CPU
		{A05A30C6-ACBA-4835-ADE2-51F2E499397F}.Release|x64.Build.0 = Release|Any CPU
		{A05A30C6-ACBA-4835-ADE2-51F2E499397F}.Release|x86.ActiveCfg = Release|Any CPU
		{A05A30C6-ACBA-4835-ADE2-51F2E499397F}.Release|x86.Build.0 = Release|Any CPU
		{2AFEE870-DC2E-481F-B82C-6EFDC8820122}.Debug|Any CPU.ActiveCfg = Debug|Any CPU
		{2AFEE870-DC2E-481F-B82C-6EFDC8820122}.Debug|Any CPU.Build.0 = Debug|Any CPU
		{2AFEE870-DC2E-481F-B82C-6EFDC8820122}.Debug|x64.ActiveCfg = Debug|Any CPU
		{2AFEE870-DC2E-481F-B82C-6EFDC8820122}.Debug|x64.Build.0 = Debug|Any CPU
		{2AFEE870-DC2E-481F-B82C-6EFDC8820122}.Debug|x86.ActiveCfg = Debug|Any CPU
		{2AFEE870-DC2E-481F-B82C-6EFDC8820122}.Debug|x86.Build.0 = Debug|Any CPU
		{2AFEE870-DC2E-481F-B82C-6EFDC8820122}.Release|Any CPU.ActiveCfg = Release|Any CPU
		{2AFEE870-DC2E-481F-B82C-6EFDC8820122}.Release|Any CPU.Build.0 = Release|Any CPU
		{2AFEE870-DC2E-481F-B82C-6EFDC8820122}.Release|x64.ActiveCfg = Release|Any CPU
		{2AFEE870-DC2E-481F-B82C-6EFDC8820122}.Release|x64.Build.0 = Release|Any CPU
		{2AFEE870-DC2E-481F-B82C-6EFDC8820122}.Release|x86.ActiveCfg = Release|Any CPU
		{2AFEE870-DC2E-481F-B82C-6EFDC8820122}.Release|x86.Build.0 = Release|Any CPU
		{245F3B58-87C0-4614-98C9-AD763827E982}.Debug|Any CPU.ActiveCfg = Debug|Any CPU
		{245F3B58-87C0-4614-98C9-AD763827E982}.Debug|Any CPU.Build.0 = Debug|Any CPU
		{245F3B58-87C0-4614-98C9-AD763827E982}.Debug|x64.ActiveCfg = Debug|Any CPU
		{245F3B58-87C0-4614-98C9-AD763827E982}.Debug|x64.Build.0 = Debug|Any CPU
		{245F3B58-87C0-4614-98C9-AD763827E982}.Debug|x86.ActiveCfg = Debug|Any CPU
		{245F3B58-87C0-4614-98C9-AD763827E982}.Debug|x86.Build.0 = Debug|Any CPU
		{245F3B58-87C0-4614-98C9-AD763827E982}.Release|Any CPU.ActiveCfg = Release|Any CPU
		{245F3B58-87C0-4614-98C9-AD763827E982}.Release|Any CPU.Build.0 = Release|Any CPU
		{245F3B58-87C0-4614-98C9-AD763827E982}.Release|x64.ActiveCfg = Release|Any CPU
		{245F3B58-87C0-4614-98C9-AD763827E982}.Release|x64.Build.0 = Release|Any CPU
		{245F3B58-87C0-4614-98C9-AD763827E982}.Release|x86.ActiveCfg = Release|Any CPU
		{245F3B58-87C0-4614-98C9-AD763827E982}.Release|x86.Build.0 = Release|Any CPU
		{19D05964-067D-4883-8C20-E8DC730F5AA0}.Debug|Any CPU.ActiveCfg = Debug|Any CPU
		{19D05964-067D-4883-8C20-E8DC730F5AA0}.Debug|Any CPU.Build.0 = Debug|Any CPU
		{19D05964-067D-4883-8C20-E8DC730F5AA0}.Debug|x64.ActiveCfg = Debug|Any CPU
		{19D05964-067D-4883-8C20-E8DC730F5AA0}.Debug|x64.Build.0 = Debug|Any CPU
		{19D05964-067D-4883-8C20-E8DC730F5AA0}.Debug|x86.ActiveCfg = Debug|Any CPU
		{19D05964-067D-4883-8C20-E8DC730F5AA0}.Debug|x86.Build.0 = Debug|Any CPU
		{19D05964-067D-4883-8C20-E8DC730F5AA0}.Release|Any CPU.ActiveCfg = Release|Any CPU
		{19D05964-067D-4883-8C20-E8DC730F5AA0}.Release|Any CPU.Build.0 = Release|Any CPU
		{19D05964-067D-4883-8C20-E8DC730F5AA0}.Release|x64.ActiveCfg = Release|Any CPU
		{19D05964-067D-4883-8C20-E8DC730F5AA0}.Release|x64.Build.0 = Release|Any CPU
		{19D05964-067D-4883-8C20-E8DC730F5AA0}.Release|x86.ActiveCfg = Release|Any CPU
		{19D05964-067D-4883-8C20-E8DC730F5AA0}.Release|x86.Build.0 = Release|Any CPU
		{98154EB4-2920-49DC-9F27-8134520D24A9}.Debug|Any CPU.ActiveCfg = Debug|Any CPU
		{98154EB4-2920-49DC-9F27-8134520D24A9}.Debug|Any CPU.Build.0 = Debug|Any CPU
		{98154EB4-2920-49DC-9F27-8134520D24A9}.Debug|x64.ActiveCfg = Debug|Any CPU
		{98154EB4-2920-49DC-9F27-8134520D24A9}.Debug|x64.Build.0 = Debug|Any CPU
		{98154EB4-2920-49DC-9F27-8134520D24A9}.Debug|x86.ActiveCfg = Debug|Any CPU
		{98154EB4-2920-49DC-9F27-8134520D24A9}.Debug|x86.Build.0 = Debug|Any CPU
		{98154EB4-2920-49DC-9F27-8134520D24A9}.Release|Any CPU.ActiveCfg = Release|Any CPU
		{98154EB4-2920-49DC-9F27-8134520D24A9}.Release|Any CPU.Build.0 = Release|Any CPU
		{98154EB4-2920-49DC-9F27-8134520D24A9}.Release|x64.ActiveCfg = Release|Any CPU
		{98154EB4-2920-49DC-9F27-8134520D24A9}.Release|x64.Build.0 = Release|Any CPU
		{98154EB4-2920-49DC-9F27-8134520D24A9}.Release|x86.ActiveCfg = Release|Any CPU
		{98154EB4-2920-49DC-9F27-8134520D24A9}.Release|x86.Build.0 = Release|Any CPU
		{19EC5094-B0F6-4508-B947-778C0689D106}.Debug|Any CPU.ActiveCfg = Debug|Any CPU
		{19EC5094-B0F6-4508-B947-778C0689D106}.Debug|Any CPU.Build.0 = Debug|Any CPU
		{19EC5094-B0F6-4508-B947-778C0689D106}.Debug|x64.ActiveCfg = Debug|Any CPU
		{19EC5094-B0F6-4508-B947-778C0689D106}.Debug|x64.Build.0 = Debug|Any CPU
		{19EC5094-B0F6-4508-B947-778C0689D106}.Debug|x86.ActiveCfg = Debug|Any CPU
		{19EC5094-B0F6-4508-B947-778C0689D106}.Debug|x86.Build.0 = Debug|Any CPU
		{19EC5094-B0F6-4508-B947-778C0689D106}.Release|Any CPU.ActiveCfg = Release|Any CPU
		{19EC5094-B0F6-4508-B947-778C0689D106}.Release|Any CPU.Build.0 = Release|Any CPU
		{19EC5094-B0F6-4508-B947-778C0689D106}.Release|x64.ActiveCfg = Release|Any CPU
		{19EC5094-B0F6-4508-B947-778C0689D106}.Release|x64.Build.0 = Release|Any CPU
		{19EC5094-B0F6-4508-B947-778C0689D106}.Release|x86.ActiveCfg = Release|Any CPU
		{19EC5094-B0F6-4508-B947-778C0689D106}.Release|x86.Build.0 = Release|Any CPU
		{E5B5BD47-BC14-4587-ABD7-0514FD7EB8DD}.Debug|Any CPU.ActiveCfg = Debug|Any CPU
		{E5B5BD47-BC14-4587-ABD7-0514FD7EB8DD}.Debug|Any CPU.Build.0 = Debug|Any CPU
		{E5B5BD47-BC14-4587-ABD7-0514FD7EB8DD}.Debug|x64.ActiveCfg = Debug|Any CPU
		{E5B5BD47-BC14-4587-ABD7-0514FD7EB8DD}.Debug|x64.Build.0 = Debug|Any CPU
		{E5B5BD47-BC14-4587-ABD7-0514FD7EB8DD}.Debug|x86.ActiveCfg = Debug|Any CPU
		{E5B5BD47-BC14-4587-ABD7-0514FD7EB8DD}.Debug|x86.Build.0 = Debug|Any CPU
		{E5B5BD47-BC14-4587-ABD7-0514FD7EB8DD}.Release|Any CPU.ActiveCfg = Release|Any CPU
		{E5B5BD47-BC14-4587-ABD7-0514FD7EB8DD}.Release|Any CPU.Build.0 = Release|Any CPU
		{E5B5BD47-BC14-4587-ABD7-0514FD7EB8DD}.Release|x64.ActiveCfg = Release|Any CPU
		{E5B5BD47-BC14-4587-ABD7-0514FD7EB8DD}.Release|x64.Build.0 = Release|Any CPU
		{E5B5BD47-BC14-4587-ABD7-0514FD7EB8DD}.Release|x86.ActiveCfg = Release|Any CPU
		{E5B5BD47-BC14-4587-ABD7-0514FD7EB8DD}.Release|x86.Build.0 = Release|Any CPU
	EndGlobalSection
	GlobalSection(SolutionProperties) = preSolution
		HideSolutionNode = FALSE
	EndGlobalSection
	GlobalSection(NestedProjects) = preSolution
		{E1ECD552-4375-4C3D-987C-B99208048AE0} = {827E0CD3-B72D-47B6-A68D-7590B98EB39B}
		{A05A30C6-ACBA-4835-ADE2-51F2E499397F} = {827E0CD3-B72D-47B6-A68D-7590B98EB39B}
		{2AFEE870-DC2E-481F-B82C-6EFDC8820122} = {827E0CD3-B72D-47B6-A68D-7590B98EB39B}
		{245F3B58-87C0-4614-98C9-AD763827E982} = {827E0CD3-B72D-47B6-A68D-7590B98EB39B}
		{19D05964-067D-4883-8C20-E8DC730F5AA0} = {0AB3BF05-4346-4AA6-1389-037BE0695223}
		{98154EB4-2920-49DC-9F27-8134520D24A9} = {0AB3BF05-4346-4AA6-1389-037BE0695223}
		{19EC5094-B0F6-4508-B947-778C0689D106} = {0AB3BF05-4346-4AA6-1389-037BE0695223}
		{E5B5BD47-BC14-4587-ABD7-0514FD7EB8DD} = {0AB3BF05-4346-4AA6-1389-037BE0695223}
	EndGlobalSection
EndGlobal
